
Microsoft Visual Studio Solution File, Format Version 12.00
# Visual Studio Version 17
VisualStudioVersion = 17.4.33213.308
MinimumVisualStudioVersion = 10.0.40219.1
Project("{FAE04EC0-301F-11D3-BF4B-00C04F79EFBC}") = "MyOnlineShop", "MyOnlineShop.csproj", "{6328B5FB-BCA4-4741-AD73-85CD07599AAA}"
EndProject
Global
	GlobalSection(SolutionConfigurationPlatforms) = preSolution
		Debug|Any CPU = Debug|Any CPU
		Release|Any CPU = Release|Any CPU
	EndGlobalSection
	GlobalSection(ProjectConfigurationPlatforms) = postSolution
		{6328B5FB-BCA4-4741-AD73-85CD07599AAA}.Debug|Any CPU.ActiveCfg = Debug|Any CPU
		{6328B5FB-BCA4-4741-AD73-85CD07599AAA}.Debug|Any CPU.Build.0 = Debug|Any CPU
		{6328B5FB-BCA4-4741-AD73-85CD07599AAA}.Release|Any CPU.ActiveCfg = Release|Any CPU
		{6328B5FB-BCA4-4741-AD73-85CD07599AAA}.Release|Any CPU.Build.0 = Release|Any CPU
	EndGlobalSection
	GlobalSection(SolutionProperties) = preSolution
		HideSolutionNode = FALSE
	EndGlobalSection
	GlobalSection(ExtensibilityGlobals) = postSolution
		SolutionGuid = {970901D5-3CB0-4DF7-AA38-4AC7B72F6B0B}
	EndGlobalSection
EndGlobal
